
Microsoft Visual Studio Solution File, Format Version 12.00
# Visual Studio 15
VisualStudioVersion = 15.0.27130.2036
MinimumVisualStudioVersion = 10.0.40219.1
Project("{FAE04EC0-301F-11D3-BF4B-00C04F79EFBC}") = "OMnG", "OMnG\OMnG.csproj", "{7EA06B1D-0FEB-432E-9A1D-DF81A6F802C2}"
EndProject
Project("{FAE04EC0-301F-11D3-BF4B-00C04F79EFBC}") = "UnitTest", "..\test\UnitTest\UnitTest.csproj", "{DD64B46A-CBEB-4BB1-85E4-45329AFAD006}"
EndProject
Global
	GlobalSection(SolutionConfigurationPlatforms) = preSolution
		Debug|Any CPU = Debug|Any CPU
		Release|Any CPU = Release|Any CPU
	EndGlobalSection
	GlobalSection(ProjectConfigurationPlatforms) = postSolution
		{7EA06B1D-0FEB-432E-9A1D-DF81A6F802C2}.Debug|Any CPU.ActiveCfg = Debug|Any CPU
		{7EA06B1D-0FEB-432E-9A1D-DF81A6F802C2}.Debug|Any CPU.Build.0 = Debug|Any CPU
		{7EA06B1D-0FEB-432E-9A1D-DF81A6F802C2}.Release|Any CPU.ActiveCfg = Release|Any CPU
		{7EA06B1D-0FEB-432E-9A1D-DF81A6F802C2}.Release|Any CPU.Build.0 = Release|Any CPU
		{DD64B46A-CBEB-4BB1-85E4-45329AFAD006}.Debug|Any CPU.ActiveCfg = Debug|Any CPU
		{DD64B46A-CBEB-4BB1-85E4-45329AFAD006}.Debug|Any CPU.Build.0 = Debug|Any CPU
		{DD64B46A-CBEB-4BB1-85E4-45329AFAD006}.Release|Any CPU.ActiveCfg = Release|Any CPU
		{DD64B46A-CBEB-4BB1-85E4-45329AFAD006}.Release|Any CPU.Build.0 = Release|Any CPU
	EndGlobalSection
	GlobalSection(SolutionProperties) = preSolution
		HideSolutionNode = FALSE
	EndGlobalSection
	GlobalSection(ExtensibilityGlobals) = postSolution
		SolutionGuid = {AA71F3B9-D405-4E42-8C81-12A33BDE6D30}
	EndGlobalSection
EndGlobal
